{
    "_readme": [
        "This file locks the dependencies of your project to a known state",
        "Read more about it at https://getcomposer.org/doc/01-basic-usage.md#composer-lock-the-lock-file",
        "This file is @generated automatically"
    ],
    "content-hash": "b2d8d0848d6cb1318b18495ad9e74fad",
    "packages": [
        {
            "name": "fxp/composer-asset-plugin",
            "version": "v1.1.4",
            "source": {
                "type": "git",
                "url": "https://github.com/fxpio/composer-asset-plugin.git",
                "reference": "c3d803cc890fad5a7fb61a4036c5d973faae34af"
            },
            "dist": {
                "type": "zip",
                "url": "https://api.github.com/repos/fxpio/composer-asset-plugin/zipball/c3d803cc890fad5a7fb61a4036c5d973faae34af",
                "reference": "c3d803cc890fad5a7fb61a4036c5d973faae34af",
                "shasum": ""
            },
            "require": {
                "composer-plugin-api": "^1.0",
                "php": ">=5.3.3"
            },
            "require-dev": {
                "composer/composer": "^1.0.0"
            },
            "type": "composer-plugin",
            "extra": {
                "class": "Fxp\\Composer\\AssetPlugin\\FxpAssetPlugin",
                "branch-alias": {
                    "dev-master": "1.1-dev"
                }
            },
            "autoload": {
                "psr-4": {
                    "Fxp\\Composer\\AssetPlugin\\": ""
                }
            },
            "notification-url": "https://packagist.org/downloads/",
            "license": [
                "MIT"
            ],
            "authors": [
                {
                    "name": "François Pluchino",
                    "email": "francois.pluchino@gmail.com"
                }
            ],
            "description": "NPM/Bower Dependency Manager for Composer",
            "homepage": "https://github.com/francoispluchino/composer-asset-plugin",
            "keywords": [
                "asset",
                "bower",
                "composer",
                "dependency manager",
                "nodejs",
                "npm",
                "package"
            ],
            "time": "2016-04-22T08:48:58+00:00"
        }
    ],
    "packages-dev": [],
    "aliases": [],
    "minimum-stability": "stable",
    "stability-flags": [],
    "prefer-stable": false,
    "prefer-lowest": false,
    "platform": [],
    "platform-dev": []
}
